
Microsoft Visual Studio Solution File, Format Version 12.00
# Visual Studio Version 16
VisualStudioVersion = 16.0.33927.289
MinimumVisualStudioVersion = 10.0.40219.1
Project("{2150E333-8FDC-42A3-9474-1A3956D46DE8}") = "Task0", "Task0", "{8972F029-533C-48B6-883F-37B3E4C9F14A}"
EndProject
Project("{FAE04EC0-301F-11D3-BF4B-00C04F79EFBC}") = "Tyuiu.GrigorevKU.Sprint3.Task0.V26.Test", "Tyuiu.GrigorevKU.Sprint3.Task0.V26.Test\Tyuiu.GrigorevKU.Sprint3.Task0.V26.Test.csproj", "{5C37F2AE-2067-4531-8943-C91B27CEC6D5}"
EndProject
Project("{FAE04EC0-301F-11D3-BF4B-00C04F79EFBC}") = "Tyuiu.GrigorevKU.Sprint3.Task0.V26.Lib", "Tyuiu.GrigorevKU.Sprint3.Task0.V26.Lib\Tyuiu.GrigorevKU.Sprint3.Task0.V26.Lib.csproj", "{6918AD22-16BA-43A1-87F9-10B0A479A1CF}"
EndProject
Project("{FAE04EC0-301F-11D3-BF4B-00C04F79EFBC}") = "Tyuiu.GrigorevKU.Sprint3.Task0.V26", "Tyuiu.GrigorevKU.Sprint3.Task0.V26\Tyuiu.GrigorevKU.Sprint3.Task0.V26.csproj", "{24239B9F-F99B-4364-981F-452017B0EA70}"
EndProject
Project("{2150E333-8FDC-42A3-9474-1A3956D46DE8}") = "Task1", "Task1", "{CEDA2310-58BC-4EBC-8620-5B61422DCFD1}"
EndProject
Project("{FAE04EC0-301F-11D3-BF4B-00C04F79EFBC}") = "Tyuiu.GrigorevKU.Sprint3.Task1.V30", "Tyuiu.GrigorevKU.Sprint3.Task1.V30\Tyuiu.GrigorevKU.Sprint3.Task1.V30.csproj", "{69A6CDFD-A9A2-4DF2-B83A-0FF7FB7C4CE5}"
EndProject
Project("{FAE04EC0-301F-11D3-BF4B-00C04F79EFBC}") = "Tyuiu.GrigorevKU.Sprint3.Task1.V30.Lib", "Tyuiu.GrigorevKU.Sprint3.Task1.V30.Lib\Tyuiu.GrigorevKU.Sprint3.Task1.V30.Lib.csproj", "{DAC4C025-C1D3-4C16-816F-E9F18037672A}"
EndProject
Project("{FAE04EC0-301F-11D3-BF4B-00C04F79EFBC}") = "Tyuiu.GrigorevKU.Sprint3.Task1.V30.Test", "Tyuiu.GrigorevKU.Sprint3.Task1.V30.Test\Tyuiu.GrigorevKU.Sprint3.Task1.V30.Test.csproj", "{FCB7FBB6-DB85-4634-8E0B-14FA1FAED50B}"
EndProject
Project("{2150E333-8FDC-42A3-9474-1A3956D46DE8}") = "Task2", "Task2", "{1326D20A-BC22-43A8-BF08-709F142B74D2}"
EndProject
Project("{FAE04EC0-301F-11D3-BF4B-00C04F79EFBC}") = "Tyuiu.GrigorevKU.Sprint3.Task2.V6.Test", "Tyuiu.GrigorevKU.Sprint3.Task2.V6.Test\Tyuiu.GrigorevKU.Sprint3.Task2.V6.Test.csproj", "{D44DB7E0-7B16-4DBA-AFF9-19497135AA5C}"
EndProject
Project("{FAE04EC0-301F-11D3-BF4B-00C04F79EFBC}") = "Tyuiu.GrigorevKU.Sprint3.Task2.V6.Lib", "Tyuiu.GrigorevKU.Sprint3.Task2.V6.Lib\Tyuiu.GrigorevKU.Sprint3.Task2.V6.Lib.csproj", "{D1399737-4D03-46AB-A212-85B003D24596}"
EndProject
Project("{FAE04EC0-301F-11D3-BF4B-00C04F79EFBC}") = "Tyuiu.GrigorevKU.Sprint3.Task2.V6", "Tyuiu.GrigorevKU.Sprint3.Task2.V6\Tyuiu.GrigorevKU.Sprint3.Task2.V6.csproj", "{2D756485-94C9-4361-9244-9B15D6FFA444}"
EndProject
Global
	GlobalSection(SolutionConfigurationPlatforms) = preSolution
		Debug|Any CPU = Debug|Any CPU
		Release|Any CPU = Release|Any CPU
	EndGlobalSection
	GlobalSection(ProjectConfigurationPlatforms) = postSolution
		{5C37F2AE-2067-4531-8943-C91B27CEC6D5}.Debug|Any CPU.ActiveCfg = Debug|Any CPU
		{5C37F2AE-2067-4531-8943-C91B27CEC6D5}.Debug|Any CPU.Build.0 = Debug|Any CPU
		{5C37F2AE-2067-4531-8943-C91B27CEC6D5}.Release|Any CPU.ActiveCfg = Release|Any CPU
		{5C37F2AE-2067-4531-8943-C91B27CEC6D5}.Release|Any CPU.Build.0 = Release|Any CPU
		{6918AD22-16BA-43A1-87F9-10B0A479A1CF}.Debug|Any CPU.ActiveCfg = Debug|Any CPU
		{6918AD22-16BA-43A1-87F9-10B0A479A1CF}.Debug|Any CPU.Build.0 = Debug|Any CPU
		{6918AD22-16BA-43A1-87F9-10B0A479A1CF}.Release|Any CPU.ActiveCfg = Release|Any CPU
		{6918AD22-16BA-43A1-87F9-10B0A479A1CF}.Release|Any CPU.Build.0 = Release|Any CPU
		{24239B9F-F99B-4364-981F-452017B0EA70}.Debug|Any CPU.ActiveCfg = Debug|Any CPU
		{24239B9F-F99B-4364-981F-452017B0EA70}.Debug|Any CPU.Build.0 = Debug|Any CPU
		{24239B9F-F99B-4364-981F-452017B0EA70}.Release|Any CPU.ActiveCfg = Release|Any CPU
		{24239B9F-F99B-4364-981F-452017B0EA70}.Release|Any CPU.Build.0 = Release|Any CPU
		{69A6CDFD-A9A2-4DF2-B83A-0FF7FB7C4CE5}.Debug|Any CPU.ActiveCfg = Debug|Any CPU
		{69A6CDFD-A9A2-4DF2-B83A-0FF7FB7C4CE5}.Debug|Any CPU.Build.0 = Debug|Any CPU
		{69A6CDFD-A9A2-4DF2-B83A-0FF7FB7C4CE5}.Release|Any CPU.ActiveCfg = Release|Any CPU
		{69A6CDFD-A9A2-4DF2-B83A-0FF7FB7C4CE5}.Release|Any CPU.Build.0 = Release|Any CPU
		{DAC4C025-C1D3-4C16-816F-E9F18037672A}.Debug|Any CPU.ActiveCfg = Debug|Any CPU
		{DAC4C025-C1D3-4C16-816F-E9F18037672A}.Debug|Any CPU.Build.0 = Debug|Any CPU
		{DAC4C025-C1D3-4C16-816F-E9F18037672A}.Release|Any CPU.ActiveCfg = Release|Any CPU
		{DAC4C025-C1D3-4C16-816F-E9F18037672A}.Release|Any CPU.Build.0 = Release|Any CPU
		{FCB7FBB6-DB85-4634-8E0B-14FA1FAED50B}.Debug|Any CPU.ActiveCfg = Debug|Any CPU
		{FCB7FBB6-DB85-4634-8E0B-14FA1FAED50B}.Debug|Any CPU.Build.0 = Debug|Any CPU
		{FCB7FBB6-DB85-4634-8E0B-14FA1FAED50B}.Release|Any CPU.ActiveCfg = Release|Any CPU
		{FCB7FBB6-DB85-4634-8E0B-14FA1FAED50B}.Release|Any CPU.Build.0 = Release|Any CPU
		{D44DB7E0-7B16-4DBA-AFF9-19497135AA5C}.Debug|Any CPU.ActiveCfg = Debug|Any CPU
		{D44DB7E0-7B16-4DBA-AFF9-19497135AA5C}.Debug|Any CPU.Build.0 = Debug|Any CPU
		{D44DB7E0-7B16-4DBA-AFF9-19497135AA5C}.Release|Any CPU.ActiveCfg = Release|Any CPU
		{D44DB7E0-7B16-4DBA-AFF9-19497135AA5C}.Release|Any CPU.Build.0 = Release|Any CPU
		{D1399737-4D03-46AB-A212-85B003D24596}.Debug|Any CPU.ActiveCfg = Debug|Any CPU
		{D1399737-4D03-46AB-A212-85B003D24596}.Debug|Any CPU.Build.0 = Debug|Any CPU
		{D1399737-4D03-46AB-A212-85B003D24596}.Release|Any CPU.ActiveCfg = Release|Any CPU
		{D1399737-4D03-46AB-A212-85B003D24596}.Release|Any CPU.Build.0 = Release|Any CPU
		{2D756485-94C9-4361-9244-9B15D6FFA444}.Debug|Any CPU.ActiveCfg = Debug|Any CPU
		{2D756485-94C9-4361-9244-9B15D6FFA444}.Debug|Any CPU.Build.0 = Debug|Any CPU
		{2D756485-94C9-4361-9244-9B15D6FFA444}.Release|Any CPU.ActiveCfg = Release|Any CPU
		{2D756485-94C9-4361-9244-9B15D6FFA444}.Release|Any CPU.Build.0 = Release|Any CPU
	EndGlobalSection
	GlobalSection(SolutionProperties) = preSolution
		HideSolutionNode = FALSE
	EndGlobalSection
	GlobalSection(NestedProjects) = preSolution
		{5C37F2AE-2067-4531-8943-C91B27CEC6D5} = {8972F029-533C-48B6-883F-37B3E4C9F14A}
		{6918AD22-16BA-43A1-87F9-10B0A479A1CF} = {8972F029-533C-48B6-883F-37B3E4C9F14A}
		{24239B9F-F99B-4364-981F-452017B0EA70} = {8972F029-533C-48B6-883F-37B3E4C9F14A}
		{69A6CDFD-A9A2-4DF2-B83A-0FF7FB7C4CE5} = {CEDA2310-58BC-4EBC-8620-5B61422DCFD1}
		{DAC4C025-C1D3-4C16-816F-E9F18037672A} = {CEDA2310-58BC-4EBC-8620-5B61422DCFD1}
		{FCB7FBB6-DB85-4634-8E0B-14FA1FAED50B} = {CEDA2310-58BC-4EBC-8620-5B61422DCFD1}
		{D44DB7E0-7B16-4DBA-AFF9-19497135AA5C} = {1326D20A-BC22-43A8-BF08-709F142B74D2}
		{D1399737-4D03-46AB-A212-85B003D24596} = {1326D20A-BC22-43A8-BF08-709F142B74D2}
		{2D756485-94C9-4361-9244-9B15D6FFA444} = {1326D20A-BC22-43A8-BF08-709F142B74D2}
	EndGlobalSection
	GlobalSection(ExtensibilityGlobals) = postSolution
		SolutionGuid = {E764A901-EE38-448A-A016-B20F81218E5A}
	EndGlobalSection
EndGlobal
